
Microsoft Visual Studio Solution File, Format Version 12.00
# Visual Studio Version 17
VisualStudioVersion = 17.13.35806.99 d17.13
MinimumVisualStudioVersion = 10.0.40219.1
Project("{888888A0-9F3D-457C-B088-3A5042F75D52}") = "ZooKeeper_Quorum", "ZooKeeper_Quorum\ZooKeeper_Quorum.pyproj", "{36859E53-1366-4365-AB66-7DF18E0ED7FC}"
EndProject
Global
	GlobalSection(SolutionConfigurationPlatforms) = preSolution
		Debug|Any CPU = Debug|Any CPU
		Release|Any CPU = Release|Any CPU
	EndGlobalSection
	GlobalSection(ProjectConfigurationPlatforms) = postSolution
		{36859E53-1366-4365-AB66-7DF18E0ED7FC}.Debug|Any CPU.ActiveCfg = Debug|Any CPU
		{36859E53-1366-4365-AB66-7DF18E0ED7FC}.Release|Any CPU.ActiveCfg = Release|Any CPU
	EndGlobalSection
	GlobalSection(SolutionProperties) = preSolution
		HideSolutionNode = FALSE
	EndGlobalSection
	GlobalSection(ExtensibilityGlobals) = postSolution
		SolutionGuid = {25FE3B49-DE0E-4726-98F2-42E2C1130DFC}
	EndGlobalSection
EndGlobal
